
Microsoft Visual Studio Solution File, Format Version 12.00
# Visual Studio Version 17
VisualStudioVersion = 17.10.35013.160
MinimumVisualStudioVersion = 10.0.40219.1
Project("{FAE04EC0-301F-11D3-BF4B-00C04F79EFBC}") = "Lekcja_BazyDanych", "Lekcja_BazyDanych.csproj", "{D717AA94-F386-4632-8D1D-54A56269C47C}"
EndProject
Global
	GlobalSection(SolutionConfigurationPlatforms) = preSolution
		Debug|Any CPU = Debug|Any CPU
		Release|Any CPU = Release|Any CPU
	EndGlobalSection
	GlobalSection(ProjectConfigurationPlatforms) = postSolution
		{D717AA94-F386-4632-8D1D-54A56269C47C}.Debug|Any CPU.ActiveCfg = Debug|Any CPU
		{D717AA94-F386-4632-8D1D-54A56269C47C}.Debug|Any CPU.Build.0 = Debug|Any CPU
		{D717AA94-F386-4632-8D1D-54A56269C47C}.Release|Any CPU.ActiveCfg = Release|Any CPU
		{D717AA94-F386-4632-8D1D-54A56269C47C}.Release|Any CPU.Build.0 = Release|Any CPU
	EndGlobalSection
	GlobalSection(SolutionProperties) = preSolution
		HideSolutionNode = FALSE
	EndGlobalSection
	GlobalSection(ExtensibilityGlobals) = postSolution
		SolutionGuid = {D9AE3615-DC18-4414-8196-EC6ED05B1C4F}
	EndGlobalSection
EndGlobal
