
Microsoft Visual Studio Solution File, Format Version 12.00
# Visual Studio Version 17
VisualStudioVersion = 17.10.35013.160
MinimumVisualStudioVersion = 10.0.40219.1
Project("{FAE04EC0-301F-11D3-BF4B-00C04F79EFBC}") = "Lekcja_08_serwerTCP", "Lekcja_08_serwerTCP.csproj", "{9BED58F5-8462-44BD-A50E-59F69A8DD2A4}"
EndProject
Project("{FAE04EC0-301F-11D3-BF4B-00C04F79EFBC}") = "Lekcja_08_klientTCP", "..\Lekcja_08_klientTCP\Lekcja_08_klientTCP.csproj", "{46A386BE-F36A-404E-8630-26BF32A84E08}"
EndProject
Global
	GlobalSection(SolutionConfigurationPlatforms) = preSolution
		Debug|Any CPU = Debug|Any CPU
		Release|Any CPU = Release|Any CPU
	EndGlobalSection
	GlobalSection(ProjectConfigurationPlatforms) = postSolution
		{9BED58F5-8462-44BD-A50E-59F69A8DD2A4}.Debug|Any CPU.ActiveCfg = Debug|Any CPU
		{9BED58F5-8462-44BD-A50E-59F69A8DD2A4}.Debug|Any CPU.Build.0 = Debug|Any CPU
		{9BED58F5-8462-44BD-A50E-59F69A8DD2A4}.Release|Any CPU.ActiveCfg = Release|Any CPU
		{9BED58F5-8462-44BD-A50E-59F69A8DD2A4}.Release|Any CPU.Build.0 = Release|Any CPU
		{46A386BE-F36A-404E-8630-26BF32A84E08}.Debug|Any CPU.ActiveCfg = Debug|Any CPU
		{46A386BE-F36A-404E-8630-26BF32A84E08}.Debug|Any CPU.Build.0 = Debug|Any CPU
		{46A386BE-F36A-404E-8630-26BF32A84E08}.Release|Any CPU.ActiveCfg = Release|Any CPU
		{46A386BE-F36A-404E-8630-26BF32A84E08}.Release|Any CPU.Build.0 = Release|Any CPU
	EndGlobalSection
	GlobalSection(SolutionProperties) = preSolution
		HideSolutionNode = FALSE
	EndGlobalSection
	GlobalSection(ExtensibilityGlobals) = postSolution
		SolutionGuid = {47FEF4AF-8A6D-4051-BBB6-9A6412BB0454}
	EndGlobalSection
EndGlobal
