
Microsoft Visual Studio Solution File, Format Version 12.00
# Visual Studio Version 17
VisualStudioVersion = 17.14.36119.2 d17.14
MinimumVisualStudioVersion = 10.0.40219.1
Project("{FAE04EC0-301F-11D3-BF4B-00C04F79EFBC}") = "ReservationSystemWebApp", "ReservationSystemWebApp.csproj", "{D878741B-5599-4938-AD41-40BDF3AA3541}"
EndProject
Global
	GlobalSection(SolutionConfigurationPlatforms) = preSolution
		Debug|Any CPU = Debug|Any CPU
		Release|Any CPU = Release|Any CPU
	EndGlobalSection
	GlobalSection(ProjectConfigurationPlatforms) = postSolution
		{D878741B-5599-4938-AD41-40BDF3AA3541}.Debug|Any CPU.ActiveCfg = Debug|Any CPU
		{D878741B-5599-4938-AD41-40BDF3AA3541}.Debug|Any CPU.Build.0 = Debug|Any CPU
		{D878741B-5599-4938-AD41-40BDF3AA3541}.Release|Any CPU.ActiveCfg = Release|Any CPU
		{D878741B-5599-4938-AD41-40BDF3AA3541}.Release|Any CPU.Build.0 = Release|Any CPU
	EndGlobalSection
	GlobalSection(SolutionProperties) = preSolution
		HideSolutionNode = FALSE
	EndGlobalSection
	GlobalSection(ExtensibilityGlobals) = postSolution
		SolutionGuid = {E47C351F-3EB6-417B-944A-CB371C03A0F6}
	EndGlobalSection
EndGlobal
