
Microsoft Visual Studio Solution File, Format Version 12.00
# Visual Studio Version 17
VisualStudioVersion = 17.10.35013.160
MinimumVisualStudioVersion = 10.0.40219.1
Project("{FAE04EC0-301F-11D3-BF4B-00C04F79EFBC}") = "Lekcja_08_HttpClient", "Lekcja_08_HttpClient.csproj", "{45294435-B7BA-45E9-A625-1D79C887CB2D}"
EndProject
Global
	GlobalSection(SolutionConfigurationPlatforms) = preSolution
		Debug|Any CPU = Debug|Any CPU
		Release|Any CPU = Release|Any CPU
	EndGlobalSection
	GlobalSection(ProjectConfigurationPlatforms) = postSolution
		{45294435-B7BA-45E9-A625-1D79C887CB2D}.Debug|Any CPU.ActiveCfg = Debug|Any CPU
		{45294435-B7BA-45E9-A625-1D79C887CB2D}.Debug|Any CPU.Build.0 = Debug|Any CPU
		{45294435-B7BA-45E9-A625-1D79C887CB2D}.Release|Any CPU.ActiveCfg = Release|Any CPU
		{45294435-B7BA-45E9-A625-1D79C887CB2D}.Release|Any CPU.Build.0 = Release|Any CPU
	EndGlobalSection
	GlobalSection(SolutionProperties) = preSolution
		HideSolutionNode = FALSE
	EndGlobalSection
	GlobalSection(ExtensibilityGlobals) = postSolution
		SolutionGuid = {EE42A160-E791-4B9A-B352-93E064345BFE}
	EndGlobalSection
EndGlobal
